// !$*UTF8*$!
{
	archiveVersion = 1;
	classes = {
	};
	objectVersion = 46;
	objects = {

/* Begin PBXBuildFile section */
		BF05A6311D5C6EF50097665A /* GlobalHelperFunctions.swift in Sources */ = {isa = PBXBuildFile; fileRef = BF05A6301D5C6EF50097665A /* GlobalHelperFunctions.swift */; };
		BF05A6351D5CC8030097665A /* VTCollectionReusableFooterView.swift in Sources */ = {isa = PBXBuildFile; fileRef = BF05A6341D5CC8030097665A /* VTCollectionReusableFooterView.swift */; };
		BF206FB31D5323D8001B4BC9 /* VTCollectionViewCell.swift in Sources */ = {isa = PBXBuildFile; fileRef = BF206FB21D5323D8001B4BC9 /* VTCollectionViewCell.swift */; };
		BF206FB51D533489001B4BC9 /* VTCollectionReusableHeaderView.swift in Sources */ = {isa = PBXBuildFile; fileRef = BF206FB41D533489001B4BC9 /* VTCollectionReusableHeaderView.swift */; };
		BF206FD61D546E99001B4BC9 /* VTClient.swift in Sources */ = {isa = PBXBuildFile; fileRef = BF206FD51D546E99001B4BC9 /* VTClient.swift */; };
		BF206FD81D546F43001B4BC9 /* VTConstants.swift in Sources */ = {isa = PBXBuildFile; fileRef = BF206FD71D546F43001B4BC9 /* VTConstants.swift */; };
		BF206FDA1D548A72001B4BC9 /* VTConvenience.swift in Sources */ = {isa = PBXBuildFile; fileRef = BF206FD91D548A72001B4BC9 /* VTConvenience.swift */; };
		BF33B8B91D4C7E5E00DE432D /* VirtualTourist.xcdatamodeld in Sources */ = {isa = PBXBuildFile; fileRef = BF33B8B71D4C7E5E00DE432D /* VirtualTourist.xcdatamodeld */; };
		BF33B8C11D4F0B7000DE432D /* Pin.swift in Sources */ = {isa = PBXBuildFile; fileRef = BF33B8BD1D4F0B7000DE432D /* Pin.swift */; };
		BF33B8C21D4F0B7000DE432D /* Photo+CoreDataProperties.swift in Sources */ = {isa = PBXBuildFile; fileRef = BF33B8BE1D4F0B7000DE432D /* Photo+CoreDataProperties.swift */; };
		BF33B8C31D4F0B7000DE432D /* Photo.swift in Sources */ = {isa = PBXBuildFile; fileRef = BF33B8BF1D4F0B7000DE432D /* Photo.swift */; };
		BF33B8C71D4F765A00DE432D /* VTMKPointAnnotation.swift in Sources */ = {isa = PBXBuildFile; fileRef = BF33B8C61D4F765A00DE432D /* VTMKPointAnnotation.swift */; };
		BF33B8CA1D50758000DE432D /* VTMKPinAnnotationView.swift in Sources */ = {isa = PBXBuildFile; fileRef = BF33B8C91D50758000DE432D /* VTMKPinAnnotationView.swift */; };
		BF4849541D4C5F6000694CFE /* MapKit.framework in Frameworks */ = {isa = PBXBuildFile; fileRef = BF4849531D4C5F6000694CFE /* MapKit.framework */; };
		BF967C301D5F740500F0C964 /* CoreDataStack.swift in Sources */ = {isa = PBXBuildFile; fileRef = BF967C2F1D5F740500F0C964 /* CoreDataStack.swift */; };
		BF967C341D6216B800F0C964 /* ZoomedPhotoViewController.swift in Sources */ = {isa = PBXBuildFile; fileRef = BF967C331D6216B800F0C964 /* ZoomedPhotoViewController.swift */; };
		BF967C361D62C77B00F0C964 /* PageViewController.swift in Sources */ = {isa = PBXBuildFile; fileRef = BF967C351D62C77B00F0C964 /* PageViewController.swift */; };
		BFA2463C1D573C7200BD6020 /* GlobalNetworkRequestsHandler.swift in Sources */ = {isa = PBXBuildFile; fileRef = BFA2463B1D573C7200BD6020 /* GlobalNetworkRequestsHandler.swift */; };
		BFA2463E1D58225100BD6020 /* Pin+CoreDataProperties.swift in Sources */ = {isa = PBXBuildFile; fileRef = BFA2463D1D58225100BD6020 /* Pin+CoreDataProperties.swift */; };
		BFA246421D586ED100BD6020 /* CoreDataCollectionViewController.swift in Sources */ = {isa = PBXBuildFile; fileRef = BFA246411D586ED100BD6020 /* CoreDataCollectionViewController.swift */; };
		BFC0C51D1D4B63DB00631AB7 /* AppDelegate.swift in Sources */ = {isa = PBXBuildFile; fileRef = BFC0C51C1D4B63DB00631AB7 /* AppDelegate.swift */; };
		BFC0C51F1D4B63DB00631AB7 /* MapViewController.swift in Sources */ = {isa = PBXBuildFile; fileRef = BFC0C51E1D4B63DB00631AB7 /* MapViewController.swift */; };
		BFC0C5221D4B63DB00631AB7 /* Main.storyboard in Resources */ = {isa = PBXBuildFile; fileRef = BFC0C5201D4B63DB00631AB7 /* Main.storyboard */; };
		BFC0C5241D4B63DB00631AB7 /* Assets.xcassets in Resources */ = {isa = PBXBuildFile; fileRef = BFC0C5231D4B63DB00631AB7 /* Assets.xcassets */; };
		BFC0C5271D4B63DB00631AB7 /* LaunchScreen.storyboard in Resources */ = {isa = PBXBuildFile; fileRef = BFC0C5251D4B63DB00631AB7 /* LaunchScreen.storyboard */; };
		BFF0FCA51D50A2AF00A1E46E /* PhotoAlbumViewController.swift in Sources */ = {isa = PBXBuildFile; fileRef = BFF0FCA41D50A2AF00A1E46E /* PhotoAlbumViewController.swift */; };
/* End PBXBuildFile section */

/* Begin PBXFileReference section */
		BF05A6301D5C6EF50097665A /* GlobalHelperFunctions.swift */ = {isa = PBXFileReference; fileEncoding = 4; lastKnownFileType = sourcecode.swift; path = GlobalHelperFunctions.swift; sourceTree = "<group>"; };
		BF05A6341D5CC8030097665A /* VTCollectionReusableFooterView.swift */ = {isa = PBXFileReference; fileEncoding = 4; lastKnownFileType = sourcecode.swift; path = VTCollectionReusableFooterView.swift; sourceTree = "<group>"; };
		BF206FB21D5323D8001B4BC9 /* VTCollectionViewCell.swift */ = {isa = PBXFileReference; fileEncoding = 4; lastKnownFileType = sourcecode.swift; path = VTCollectionViewCell.swift; sourceTree = "<group>"; };
		BF206FB41D533489001B4BC9 /* VTCollectionReusableHeaderView.swift */ = {isa = PBXFileReference; fileEncoding = 4; lastKnownFileType = sourcecode.swift; path = VTCollectionReusableHeaderView.swift; sourceTree = "<group>"; };
		BF206FD51D546E99001B4BC9 /* VTClient.swift */ = {isa = PBXFileReference; fileEncoding = 4; lastKnownFileType = sourcecode.swift; path = VTClient.swift; sourceTree = "<group>"; };
		BF206FD71D546F43001B4BC9 /* VTConstants.swift */ = {isa = PBXFileReference; fileEncoding = 4; lastKnownFileType = sourcecode.swift; path = VTConstants.swift; sourceTree = "<group>"; };
		BF206FD91D548A72001B4BC9 /* VTConvenience.swift */ = {isa = PBXFileReference; fileEncoding = 4; lastKnownFileType = sourcecode.swift; path = VTConvenience.swift; sourceTree = "<group>"; };
		BF33B8B81D4C7E5E00DE432D /* VirtualTourist.xcdatamodel */ = {isa = PBXFileReference; lastKnownFileType = wrapper.xcdatamodel; path = VirtualTourist.xcdatamodel; sourceTree = "<group>"; };
		BF33B8BD1D4F0B7000DE432D /* Pin.swift */ = {isa = PBXFileReference; fileEncoding = 4; lastKnownFileType = sourcecode.swift; name = Pin.swift; path = ../Pin.swift; sourceTree = "<group>"; };
		BF33B8BE1D4F0B7000DE432D /* Photo+CoreDataProperties.swift */ = {isa = PBXFileReference; fileEncoding = 4; lastKnownFileType = sourcecode.swift; name = "Photo+CoreDataProperties.swift"; path = "../Photo+CoreDataProperties.swift"; sourceTree = "<group>"; };
		BF33B8BF1D4F0B7000DE432D /* Photo.swift */ = {isa = PBXFileReference; fileEncoding = 4; lastKnownFileType = sourcecode.swift; name = Photo.swift; path = ../Photo.swift; sourceTree = "<group>"; };
		BF33B8C61D4F765A00DE432D /* VTMKPointAnnotation.swift */ = {isa = PBXFileReference; fileEncoding = 4; lastKnownFileType = sourcecode.swift; path = VTMKPointAnnotation.swift; sourceTree = "<group>"; };
		BF33B8C91D50758000DE432D /* VTMKPinAnnotationView.swift */ = {isa = PBXFileReference; fileEncoding = 4; lastKnownFileType = sourcecode.swift; path = VTMKPinAnnotationView.swift; sourceTree = "<group>"; };
		BF4849531D4C5F6000694CFE /* MapKit.framework */ = {isa = PBXFileReference; lastKnownFileType = wrapper.framework; name = MapKit.framework; path = System/Library/Frameworks/MapKit.framework; sourceTree = SDKROOT; };
		BF967C2F1D5F740500F0C964 /* CoreDataStack.swift */ = {isa = PBXFileReference; fileEncoding = 4; lastKnownFileType = sourcecode.swift; path = CoreDataStack.swift; sourceTree = "<group>"; };
		BF967C331D6216B800F0C964 /* ZoomedPhotoViewController.swift */ = {isa = PBXFileReference; fileEncoding = 4; lastKnownFileType = sourcecode.swift; path = ZoomedPhotoViewController.swift; sourceTree = "<group>"; };
		BF967C351D62C77B00F0C964 /* PageViewController.swift */ = {isa = PBXFileReference; fileEncoding = 4; lastKnownFileType = sourcecode.swift; path = PageViewController.swift; sourceTree = "<group>"; };
		BFA2463B1D573C7200BD6020 /* GlobalNetworkRequestsHandler.swift */ = {isa = PBXFileReference; fileEncoding = 4; lastKnownFileType = sourcecode.swift; path = GlobalNetworkRequestsHandler.swift; sourceTree = "<group>"; };
		BFA2463D1D58225100BD6020 /* Pin+CoreDataProperties.swift */ = {isa = PBXFileReference; fileEncoding = 4; lastKnownFileType = sourcecode.swift; name = "Pin+CoreDataProperties.swift"; path = "../Pin+CoreDataProperties.swift"; sourceTree = "<group>"; };
		BFA246411D586ED100BD6020 /* CoreDataCollectionViewController.swift */ = {isa = PBXFileReference; fileEncoding = 4; lastKnownFileType = sourcecode.swift; path = CoreDataCollectionViewController.swift; sourceTree = "<group>"; };
		BFC0C5191D4B63DB00631AB7 /* VitrualTourist.app */ = {isa = PBXFileReference; explicitFileType = wrapper.application; includeInIndex = 0; path = VitrualTourist.app; sourceTree = BUILT_PRODUCTS_DIR; };
		BFC0C51C1D4B63DB00631AB7 /* AppDelegate.swift */ = {isa = PBXFileReference; lastKnownFileType = sourcecode.swift; path = AppDelegate.swift; sourceTree = "<group>"; };
		BFC0C51E1D4B63DB00631AB7 /* MapViewController.swift */ = {isa = PBXFileReference; lastKnownFileType = sourcecode.swift; path = MapViewController.swift; sourceTree = "<group>"; };
		BFC0C5211D4B63DB00631AB7 /* Base */ = {isa = PBXFileReference; lastKnownFileType = file.storyboard; name = Base; path = Base.lproj/Main.storyboard; sourceTree = "<group>"; };
		BFC0C5231D4B63DB00631AB7 /* Assets.xcassets */ = {isa = PBXFileReference; lastKnownFileType = folder.assetcatalog; path = Assets.xcassets; sourceTree = "<group>"; };
		BFC0C5261D4B63DB00631AB7 /* Base */ = {isa = PBXFileReference; lastKnownFileType = file.storyboard; name = Base; path = Base.lproj/LaunchScreen.storyboard; sourceTree = "<group>"; };
		BFC0C5281D4B63DB00631AB7 /* Info.plist */ = {isa = PBXFileReference; lastKnownFileType = text.plist.xml; path = Info.plist; sourceTree = "<group>"; };
		BFF0FCA41D50A2AF00A1E46E /* PhotoAlbumViewController.swift */ = {isa = PBXFileReference; fileEncoding = 4; lastKnownFileType = sourcecode.swift; path = PhotoAlbumViewController.swift; sourceTree = "<group>"; };
/* End PBXFileReference section */

/* Begin PBXFrameworksBuildPhase section */
		BFC0C5161D4B63DB00631AB7 /* Frameworks */ = {
			isa = PBXFrameworksBuildPhase;
			buildActionMask = 2147483647;
			files = (
				BF4849541D4C5F6000694CFE /* MapKit.framework in Frameworks */,
			);
			runOnlyForDeploymentPostprocessing = 0;
		};
/* End PBXFrameworksBuildPhase section */

/* Begin PBXGroup section */
		BF05A6321D5C71AD0097665A /* Assets */ = {
			isa = PBXGroup;
			children = (
				BFA2463B1D573C7200BD6020 /* GlobalNetworkRequestsHandler.swift */,
				BF05A6301D5C6EF50097665A /* GlobalHelperFunctions.swift */,
				BFC0C5251D4B63DB00631AB7 /* LaunchScreen.storyboard */,
				BFC0C5201D4B63DB00631AB7 /* Main.storyboard */,
				BFC0C5231D4B63DB00631AB7 /* Assets.xcassets */,
				BFC0C5281D4B63DB00631AB7 /* Info.plist */,
			);
			name = Assets;
			sourceTree = "<group>";
		};
		BF05A6331D5C72060097665A /* Framework */ = {
			isa = PBXGroup;
			children = (
				BF4849531D4C5F6000694CFE /* MapKit.framework */,
			);
			name = Framework;
			sourceTree = "<group>";
		};
		BF206FD41D546DBC001B4BC9 /* Client */ = {
			isa = PBXGroup;
			children = (
				BF206FD71D546F43001B4BC9 /* VTConstants.swift */,
				BF206FD51D546E99001B4BC9 /* VTClient.swift */,
				BF206FD91D548A72001B4BC9 /* VTConvenience.swift */,
			);
			name = Client;
			sourceTree = "<group>";
		};
		BF33B8C41D4F26A200DE432D /* Model */ = {
			isa = PBXGroup;
			children = (
				BF967C2F1D5F740500F0C964 /* CoreDataStack.swift */,
				BFA2463D1D58225100BD6020 /* Pin+CoreDataProperties.swift */,
				BF33B8BD1D4F0B7000DE432D /* Pin.swift */,
				BF33B8BE1D4F0B7000DE432D /* Photo+CoreDataProperties.swift */,
				BF33B8BF1D4F0B7000DE432D /* Photo.swift */,
				BF33B8B71D4C7E5E00DE432D /* VirtualTourist.xcdatamodeld */,
			);
			name = Model;
			sourceTree = "<group>";
		};
		BF33B8C51D4F26BF00DE432D /* ViewController */ = {
			isa = PBXGroup;
			children = (
				BFC0C51C1D4B63DB00631AB7 /* AppDelegate.swift */,
				BFC0C51E1D4B63DB00631AB7 /* MapViewController.swift */,
				BFA246411D586ED100BD6020 /* CoreDataCollectionViewController.swift */,
				BFF0FCA41D50A2AF00A1E46E /* PhotoAlbumViewController.swift */,
				BF967C351D62C77B00F0C964 /* PageViewController.swift */,
				BF967C331D6216B800F0C964 /* ZoomedPhotoViewController.swift */,
			);
			name = ViewController;
			sourceTree = "<group>";
		};
		BF33B8C81D50754400DE432D /* SubView */ = {
			isa = PBXGroup;
			children = (
				BF33B8C61D4F765A00DE432D /* VTMKPointAnnotation.swift */,
				BF33B8C91D50758000DE432D /* VTMKPinAnnotationView.swift */,
				BF206FB21D5323D8001B4BC9 /* VTCollectionViewCell.swift */,
				BF206FB41D533489001B4BC9 /* VTCollectionReusableHeaderView.swift */,
				BF05A6341D5CC8030097665A /* VTCollectionReusableFooterView.swift */,
			);
			name = SubView;
			sourceTree = "<group>";
		};
		BFC0C5101D4B63DB00631AB7 = {
			isa = PBXGroup;
			children = (
				BFC0C51B1D4B63DB00631AB7 /* VitrualTourist */,
				BFC0C51A1D4B63DB00631AB7 /* Products */,
			);
			sourceTree = "<group>";
		};
		BFC0C51A1D4B63DB00631AB7 /* Products */ = {
			isa = PBXGroup;
			children = (
				BFC0C5191D4B63DB00631AB7 /* VitrualTourist.app */,
			);
			name = Products;
			sourceTree = "<group>";
		};
		BFC0C51B1D4B63DB00631AB7 /* VitrualTourist */ = {
			isa = PBXGroup;
			children = (
				BF206FD41D546DBC001B4BC9 /* Client */,
				BF33B8C41D4F26A200DE432D /* Model */,
				BF33B8C51D4F26BF00DE432D /* ViewController */,
				BF33B8C81D50754400DE432D /* SubView */,
				BF05A6321D5C71AD0097665A /* Assets */,
				BF05A6331D5C72060097665A /* Framework */,
			);
			path = VitrualTourist;
			sourceTree = "<group>";
		};
/* End PBXGroup section */

/* Begin PBXNativeTarget section */
		BFC0C5181D4B63DB00631AB7 /* VitrualTourist */ = {
			isa = PBXNativeTarget;
			buildConfigurationList = BFC0C52B1D4B63DB00631AB7 /* Build configuration list for PBXNativeTarget "VitrualTourist" */;
			buildPhases = (
				BFC0C5151D4B63DB00631AB7 /* Sources */,
				BFC0C5161D4B63DB00631AB7 /* Frameworks */,
				BFC0C5171D4B63DB00631AB7 /* Resources */,
			);
			buildRules = (
			);
			dependencies = (
			);
			name = VitrualTourist;
			productName = VitrualTourist;
			productReference = BFC0C5191D4B63DB00631AB7 /* VitrualTourist.app */;
			productType = "com.apple.product-type.application";
		};
/* End PBXNativeTarget section */

/* Begin PBXProject section */
		BFC0C5111D4B63DB00631AB7 /* Project object */ = {
			isa = PBXProject;
			attributes = {
				LastSwiftUpdateCheck = 0730;
				LastUpgradeCheck = 0730;
				ORGANIZATIONNAME = Jun.Yuan;
				TargetAttributes = {
					BFC0C5181D4B63DB00631AB7 = {
						CreatedOnToolsVersion = 7.3.1;
						DevelopmentTeam = H538546BFP;
						SystemCapabilities = {
							com.apple.Maps.iOS = {
								enabled = 1;
							};
						};
					};
				};
			};
			buildConfigurationList = BFC0C5141D4B63DB00631AB7 /* Build configuration list for PBXProject "VitrualTourist" */;
			compatibilityVersion = "Xcode 3.2";
			developmentRegion = English;
			hasScannedForEncodings = 0;
			knownRegions = (
				en,
				Base,
			);
			mainGroup = BFC0C5101D4B63DB00631AB7;
			productRefGroup = BFC0C51A1D4B63DB00631AB7 /* Products */;
			projectDirPath = "";
			projectRoot = "";
			targets = (
				BFC0C5181D4B63DB00631AB7 /* VitrualTourist */,
			);
		};
/* End PBXProject section */

/* Begin PBXResourcesBuildPhase section */
		BFC0C5171D4B63DB00631AB7 /* Resources */ = {
			isa = PBXResourcesBuildPhase;
			buildActionMask = 2147483647;
			files = (
				BFC0C5271D4B63DB00631AB7 /* LaunchScreen.storyboard in Resources */,
				BFC0C5241D4B63DB00631AB7 /* Assets.xcassets in Resources */,
				BFC0C5221D4B63DB00631AB7 /* Main.storyboard in Resources */,
			);
			runOnlyForDeploymentPostprocessing = 0;
		};
/* End PBXResourcesBuildPhase section */

/* Begin PBXSourcesBuildPhase section */
		BFC0C5151D4B63DB00631AB7 /* Sources */ = {
			isa = PBXSourcesBuildPhase;
			buildActionMask = 2147483647;
			files = (
				BF33B8C11D4F0B7000DE432D /* Pin.swift in Sources */,
				BF206FB51D533489001B4BC9 /* VTCollectionReusableHeaderView.swift in Sources */,
				BF206FD81D546F43001B4BC9 /* VTConstants.swift in Sources */,
				BF206FD61D546E99001B4BC9 /* VTClient.swift in Sources */,
				BF33B8C71D4F765A00DE432D /* VTMKPointAnnotation.swift in Sources */,
				BF05A6351D5CC8030097665A /* VTCollectionReusableFooterView.swift in Sources */,
				BF33B8CA1D50758000DE432D /* VTMKPinAnnotationView.swift in Sources */,
				BF33B8C31D4F0B7000DE432D /* Photo.swift in Sources */,
				BFC0C51F1D4B63DB00631AB7 /* MapViewController.swift in Sources */,
				BF206FB31D5323D8001B4BC9 /* VTCollectionViewCell.swift in Sources */,
				BFA2463E1D58225100BD6020 /* Pin+CoreDataProperties.swift in Sources */,
				BFA2463C1D573C7200BD6020 /* GlobalNetworkRequestsHandler.swift in Sources */,
				BFA246421D586ED100BD6020 /* CoreDataCollectionViewController.swift in Sources */,
				BF967C361D62C77B00F0C964 /* PageViewController.swift in Sources */,
				BFF0FCA51D50A2AF00A1E46E /* PhotoAlbumViewController.swift in Sources */,
				BFC0C51D1D4B63DB00631AB7 /* AppDelegate.swift in Sources */,
				BF967C341D6216B800F0C964 /* ZoomedPhotoViewController.swift in Sources */,
				BF967C301D5F740500F0C964 /* CoreDataStack.swift in Sources */,
				BF33B8B91D4C7E5E00DE432D /* VirtualTourist.xcdatamodeld in Sources */,
				BF05A6311D5C6EF50097665A /* GlobalHelperFunctions.swift in Sources */,
				BF33B8C21D4F0B7000DE432D /* Photo+CoreDataProperties.swift in Sources */,
				BF206FDA1D548A72001B4BC9 /* VTConvenience.swift in Sources */,
			);
			runOnlyForDeploymentPostprocessing = 0;
		};
/* End PBXSourcesBuildPhase section */

/* Begin PBXVariantGroup section */
		BFC0C5201D4B63DB00631AB7 /* Main.storyboard */ = {
			isa = PBXVariantGroup;
			children = (
				BFC0C5211D4B63DB00631AB7 /* Base */,
			);
			name = Main.storyboard;
			sourceTree = "<group>";
		};
		BFC0C5251D4B63DB00631AB7 /* LaunchScreen.storyboard */ = {
			isa = PBXVariantGroup;
			children = (
				BFC0C5261D4B63DB00631AB7 /* Base */,
			);
			name = LaunchScreen.storyboard;
			sourceTree = "<group>";
		};
/* End PBXVariantGroup section */

/* Begin XCBuildConfiguration section */
		BFC0C5291D4B63DB00631AB7 /* Debug */ = {
			isa = XCBuildConfiguration;
			buildSettings = {
				ALWAYS_SEARCH_USER_PATHS = NO;
				CLANG_ANALYZER_NONNULL = YES;
				CLANG_CXX_LANGUAGE_STANDARD = "gnu++0x";
				CLANG_CXX_LIBRARY = "libc++";
				CLANG_ENABLE_MODULES = YES;
				CLANG_ENABLE_OBJC_ARC = YES;
				CLANG_WARN_BOOL_CONVERSION = YES;
				CLANG_WARN_CONSTANT_CONVERSION = YES;
				CLANG_WARN_DIRECT_OBJC_ISA_USAGE = YES_ERROR;
				CLANG_WARN_EMPTY_BODY = YES;
				CLANG_WARN_ENUM_CONVERSION = YES;
				CLANG_WARN_INT_CONVERSION = YES;
				CLANG_WARN_OBJC_ROOT_CLASS = YES_ERROR;
				CLANG_WARN_UNREACHABLE_CODE = YES;
				CLANG_WARN__DUPLICATE_METHOD_MATCH = YES;
				"CODE_SIGN_IDENTITY[sdk=iphoneos*]" = "iPhone Developer";
				COPY_PHASE_STRIP = NO;
				DEBUG_INFORMATION_FORMAT = dwarf;
				ENABLE_STRICT_OBJC_MSGSEND = YES;
				ENABLE_TESTABILITY = YES;
				GCC_C_LANGUAGE_STANDARD = gnu99;
				GCC_DYNAMIC_NO_PIC = NO;
				GCC_NO_COMMON_BLOCKS = YES;
				GCC_OPTIMIZATION_LEVEL = 0;
				GCC_PREPROCESSOR_DEFINITIONS = (
					"DEBUG=1",
					"$(inherited)",
				);
				GCC_WARN_64_TO_32_BIT_CONVERSION = YES;
				GCC_WARN_ABOUT_RETURN_TYPE = YES_ERROR;
				GCC_WARN_UNDECLARED_SELECTOR = YES;
				GCC_WARN_UNINITIALIZED_AUTOS = YES_AGGRESSIVE;
				GCC_WARN_UNUSED_FUNCTION = YES;
				GCC_WARN_UNUSED_VARIABLE = YES;
				IPHONEOS_DEPLOYMENT_TARGET = 9.3;
				MTL_ENABLE_DEBUG_INFO = YES;
				ONLY_ACTIVE_ARCH = YES;
				SDKROOT = iphoneos;
				SWIFT_OPTIMIZATION_LEVEL = "-Onone";
			};
			name = Debug;
		};
		BFC0C52A1D4B63DB00631AB7 /* Release */ = {
			isa = XCBuildConfiguration;
			buildSettings = {
				ALWAYS_SEARCH_USER_PATHS = NO;
				CLANG_ANALYZER_NONNULL = YES;
				CLANG_CXX_LANGUAGE_STANDARD = "gnu++0x";
				CLANG_CXX_LIBRARY = "libc++";
				CLANG_ENABLE_MODULES = YES;
				CLANG_ENABLE_OBJC_ARC = YES;
				CLANG_WARN_BOOL_CONVERSION = YES;
				CLANG_WARN_CONSTANT_CONVERSION = YES;
				CLANG_WARN_DIRECT_OBJC_ISA_USAGE = YES_ERROR;
				CLANG_WARN_EMPTY_BODY = YES;
				CLANG_WARN_ENUM_CONVERSION = YES;
				CLANG_WARN_INT_CONVERSION = YES;
				CLANG_WARN_OBJC_ROOT_CLASS = YES_ERROR;
				CLANG_WARN_UNREACHABLE_CODE = YES;
				CLANG_WARN__DUPLICATE_METHOD_MATCH = YES;
				"CODE_SIGN_IDENTITY[sdk=iphoneos*]" = "iPhone Developer";
				COPY_PHASE_STRIP = NO;
				DEBUG_INFORMATION_FORMAT = "dwarf-with-dsym";
				ENABLE_NS_ASSERTIONS = NO;
				ENABLE_STRICT_OBJC_MSGSEND = YES;
				GCC_C_LANGUAGE_STANDARD = gnu99;
				GCC_NO_COMMON_BLOCKS = YES;
				GCC_WARN_64_TO_32_BIT_CONVERSION = YES;
				GCC_WARN_ABOUT_RETURN_TYPE = YES_ERROR;
				GCC_WARN_UNDECLARED_SELECTOR = YES;
				GCC_WARN_UNINITIALIZED_AUTOS = YES_AGGRESSIVE;
				GCC_WARN_UNUSED_FUNCTION = YES;
				GCC_WARN_UNUSED_VARIABLE = YES;
				IPHONEOS_DEPLOYMENT_TARGET = 9.3;
				MTL_ENABLE_DEBUG_INFO = NO;
				SDKROOT = iphoneos;
				VALIDATE_PRODUCT = YES;
			};
			name = Release;
		};
		BFC0C52C1D4B63DB00631AB7 /* Debug */ = {
			isa = XCBuildConfiguration;
			buildSettings = {
				ASSETCATALOG_COMPILER_APPICON_NAME = AppIcon;
				CODE_SIGN_IDENTITY = "iPhone Developer";
				"CODE_SIGN_IDENTITY[sdk=iphoneos*]" = "iPhone Developer";
				INFOPLIST_FILE = VitrualTourist/Info.plist;
				LD_RUNPATH_SEARCH_PATHS = "$(inherited) @executable_path/Frameworks";
				PRODUCT_BUNDLE_IDENTIFIER = com.yuanjun.VitrualTourist;
				PRODUCT_NAME = "$(TARGET_NAME)";
				PROVISIONING_PROFILE = "";
			};
			name = Debug;
		};
		BFC0C52D1D4B63DB00631AB7 /* Release */ = {
			isa = XCBuildConfiguration;
			buildSettings = {
				ASSETCATALOG_COMPILER_APPICON_NAME = AppIcon;
				CODE_SIGN_IDENTITY = "iPhone Developer";
				"CODE_SIGN_IDENTITY[sdk=iphoneos*]" = "iPhone Developer";
				INFOPLIST_FILE = VitrualTourist/Info.plist;
				LD_RUNPATH_SEARCH_PATHS = "$(inherited) @executable_path/Frameworks";
				PRODUCT_BUNDLE_IDENTIFIER = com.yuanjun.VitrualTourist;
				PRODUCT_NAME = "$(TARGET_NAME)";
				PROVISIONING_PROFILE = "";
			};
			name = Release;
		};
/* End XCBuildConfiguration section */

/* Begin XCConfigurationList section */
		BFC0C5141D4B63DB00631AB7 /* Build configuration list for PBXProject "VitrualTourist" */ = {
			isa = XCConfigurationList;
			buildConfigurations = (
				BFC0C5291D4B63DB00631AB7 /* Debug */,
				BFC0C52A1D4B63DB00631AB7 /* Release */,
			);
			defaultConfigurationIsVisible = 0;
			defaultConfigurationName = Release;
		};
		BFC0C52B1D4B63DB00631AB7 /* Build configuration list for PBXNativeTarget "VitrualTourist" */ = {
			isa = XCConfigurationList;
			buildConfigurations = (
				BFC0C52C1D4B63DB00631AB7 /* Debug */,
				BFC0C52D1D4B63DB00631AB7 /* Release */,
			);
			defaultConfigurationIsVisible = 0;
			defaultConfigurationName = Release;
		};
/* End XCConfigurationList section */

/* Begin XCVersionGroup section */
		BF33B8B71D4C7E5E00DE432D /* VirtualTourist.xcdatamodeld */ = {
			isa = XCVersionGroup;
			children = (
				BF33B8B81D4C7E5E00DE432D /* VirtualTourist.xcdatamodel */,
			);
			currentVersion = BF33B8B81D4C7E5E00DE432D /* VirtualTourist.xcdatamodel */;
			path = VirtualTourist.xcdatamodeld;
			sourceTree = "<group>";
			versionGroupType = wrapper.xcdatamodel;
		};
/* End XCVersionGroup section */
	};
	rootObject = BFC0C5111D4B63DB00631AB7 /* Project object */;
}
